# THIS IS AN AUTOGENERATED FILE. DO NOT EDIT THIS FILE DIRECTLY.
# yarn lockfile v1


"@babel/helper-validator-identifier@^7.14.9":
  "integrity" "sha1-ZlTRcbICT22O4VG/JQlpmRkTHUg="
  "resolved" "https://registry.nlark.com/@babel/helper-validator-identifier/download/@babel/helper-validator-identifier-7.14.9.tgz"
  "version" "7.14.9"

"@babel/parser@^7.12.0", "@babel/parser@^7.13.9", "@babel/parser@^7.6.0", "@babel/parser@^7.9.6":
  "integrity" "sha1-ttbikFjKNpEnsO7KKhxLV5Txtrk="
  "resolved" "https://registry.nlark.com/@babel/parser/download/@babel/parser-7.15.0.tgz"
  "version" "7.15.0"

"@babel/types@^7.12.0", "@babel/types@^7.13.0", "@babel/types@^7.6.1", "@babel/types@^7.9.6":
  "integrity" "sha1-Ya8R8ihsTpxpyo3rX0N1pzxy3L0="
  "resolved" "https://registry.nlark.com/@babel/types/download/@babel/types-7.15.0.tgz?cache=0&sync_timestamp=1628111608723&other_urls=https%3A%2F%2Fregistry.nlark.com%2F%40babel%2Ftypes%2Fdownload%2F%40babel%2Ftypes-7.15.0.tgz"
  "version" "7.15.0"
  dependencies:
    "@babel/helper-validator-identifier" "^7.14.9"
    "to-fast-properties" "^2.0.0"

"@emmetio/abbreviation@^2.2.2":
  "integrity" "sha1-dGdi/Z56jC6mBPWAxi48/iUOaYk="
  "resolved" "https://registry.nlark.com/@emmetio/abbreviation/download/@emmetio/abbreviation-2.2.2.tgz"
  "version" "2.2.2"
  dependencies:
    "@emmetio/scanner" "^1.0.0"

"@emmetio/css-abbreviation@^2.1.4":
  "integrity" "sha1-kDYuihEizjt29sMVeQfTAYL1P1Q="
  "resolved" "https://registry.nlark.com/@emmetio/css-abbreviation/download/@emmetio/css-abbreviation-2.1.4.tgz"
  "version" "2.1.4"
  dependencies:
    "@emmetio/scanner" "^1.0.0"

"@emmetio/scanner@^1.0.0":
  "integrity" "sha1-Blsq9iM/50dNRII+PeuJckr0K18="
  "resolved" "https://registry.nlark.com/@emmetio/scanner/download/@emmetio/scanner-1.0.0.tgz"
  "version" "1.0.0"

"@types/estree@^0.0.48":
  "integrity" "sha1-GNyAkbKF35DbLyWqfZBs/DlLf3Q="
  "resolved" "https://registry.nlark.com/@types/estree/download/@types/estree-0.0.48.tgz"
  "version" "0.0.48"

"@vitejs/plugin-vue@^1.3.0":
  "integrity" "sha1-lirgG3/RatQAeJjGTtY5E24SIVs="
  "resolved" "https://registry.nlark.com/@vitejs/plugin-vue/download/@vitejs/plugin-vue-1.4.0.tgz"
  "version" "1.4.0"

"@volar/code-gen@^0.26.11":
  "integrity" "sha1-Q6qzVqMGW+zvScBxyy7HwusOQa8="
  "resolved" "https://registry.nlark.com/@volar/code-gen/download/@volar/code-gen-0.26.11.tgz"
  "version" "0.26.11"
  dependencies:
    "@volar/shared" "^0.26.11"
    "@volar/source-map" "^0.26.11"

"@volar/html2pug@^0.26.11":
  "integrity" "sha1-NAVmh2gqOreCHPFQqvpmyDkujp0="
  "resolved" "https://registry.nlark.com/@volar/html2pug/download/@volar/html2pug-0.26.11.tgz"
  "version" "0.26.11"
  dependencies:
    "domelementtype" "^2.2.0"
    "domhandler" "^4.2.0"
    "htmlparser2" "^6.1.0"
    "pug" "^3.0.2"

"@volar/shared@^0.26.11":
  "integrity" "sha1-puVzRPAVEtjPK1rZ6W0k1D4DpEc="
  "resolved" "https://registry.nlark.com/@volar/shared/download/@volar/shared-0.26.11.tgz"
  "version" "0.26.11"
  dependencies:
    "upath" "^2.0.1"
    "vscode-jsonrpc" "^8.0.0-next.1"

"@volar/source-map@^0.26.11":
  "integrity" "sha1-zncl6Xvy93Q6tndbcDH0KYkZmAo="
  "resolved" "https://registry.nlark.com/@volar/source-map/download/@volar/source-map-0.26.11.tgz"
  "version" "0.26.11"
  dependencies:
    "@volar/shared" "^0.26.11"

"@volar/transforms@^0.26.11":
  "integrity" "sha1-XfL/9LKg50HCcKs4hdE5rXTGtpk="
  "resolved" "https://registry.nlark.com/@volar/transforms/download/@volar/transforms-0.26.11.tgz"
  "version" "0.26.11"
  dependencies:
    "@volar/shared" "^0.26.11"

"@vue/compiler-core@3.1.5":
  "integrity" "sha1-KY+QW2Bl1tgf9jdW+Yxgh2s5PIc="
  "resolved" "https://registry.nlark.com/@vue/compiler-core/download/@vue/compiler-core-3.1.5.tgz?cache=0&sync_timestamp=1627579316223&other_urls=https%3A%2F%2Fregistry.nlark.com%2F%40vue%2Fcompiler-core%2Fdownload%2F%40vue%2Fcompiler-core-3.1.5.tgz"
  "version" "3.1.5"
  dependencies:
    "@babel/parser" "^7.12.0"
    "@babel/types" "^7.12.0"
    "@vue/shared" "3.1.5"
    "estree-walker" "^2.0.1"
    "source-map" "^0.6.1"

"@vue/compiler-core@3.2.0-beta.7":
  "integrity" "sha1-u1UemeIHw+aUvWsoPLWioqrn9SE="
  "resolved" "https://registry.nlark.com/@vue/compiler-core/download/@vue/compiler-core-3.2.0-beta.7.tgz?cache=0&sync_timestamp=1627579316223&other_urls=https%3A%2F%2Fregistry.nlark.com%2F%40vue%2Fcompiler-core%2Fdownload%2F%40vue%2Fcompiler-core-3.2.0-beta.7.tgz"
  "version" "3.2.0-beta.7"
  dependencies:
    "@babel/parser" "^7.12.0"
    "@babel/types" "^7.12.0"
    "@vue/shared" "3.2.0-beta.7"
    "estree-walker" "^2.0.1"
    "source-map" "^0.6.1"

"@vue/compiler-dom@^3.2.0-beta.5", "@vue/compiler-dom@3.2.0-beta.7":
  "integrity" "sha1-IJl5cga193PpSYAd0dajvXPRdM4="
  "resolved" "https://registry.nlark.com/@vue/compiler-dom/download/@vue/compiler-dom-3.2.0-beta.7.tgz?cache=0&sync_timestamp=1627579312043&other_urls=https%3A%2F%2Fregistry.nlark.com%2F%40vue%2Fcompiler-dom%2Fdownload%2F%40vue%2Fcompiler-dom-3.2.0-beta.7.tgz"
  "version" "3.2.0-beta.7"
  dependencies:
    "@vue/compiler-core" "3.2.0-beta.7"
    "@vue/shared" "3.2.0-beta.7"

"@vue/compiler-dom@3.1.5":
  "integrity" "sha1-y7lwIMYqX6o/vCqXkWvZgEGsmFY="
  "resolved" "https://registry.nlark.com/@vue/compiler-dom/download/@vue/compiler-dom-3.1.5.tgz?cache=0&sync_timestamp=1627579312043&other_urls=https%3A%2F%2Fregistry.nlark.com%2F%40vue%2Fcompiler-dom%2Fdownload%2F%40vue%2Fcompiler-dom-3.1.5.tgz"
  "version" "3.1.5"
  dependencies:
    "@vue/compiler-core" "3.1.5"
    "@vue/shared" "3.1.5"

"@vue/compiler-sfc@^3.0.5", "@vue/compiler-sfc@^3.0.8":
  "integrity" "sha1-5h5U86ljsPSo5SP7uGMjkNxSsNY="
  "resolved" "https://registry.nlark.com/@vue/compiler-sfc/download/@vue/compiler-sfc-3.1.5.tgz"
  "version" "3.1.5"
  dependencies:
    "@babel/parser" "^7.13.9"
    "@babel/types" "^7.13.0"
    "@types/estree" "^0.0.48"
    "@vue/compiler-core" "3.1.5"
    "@vue/compiler-dom" "3.1.5"
    "@vue/compiler-ssr" "3.1.5"
    "@vue/shared" "3.1.5"
    "consolidate" "^0.16.0"
    "estree-walker" "^2.0.1"
    "hash-sum" "^2.0.0"
    "lru-cache" "^5.1.1"
    "magic-string" "^0.25.7"
    "merge-source-map" "^1.1.0"
    "postcss" "^8.1.10"
    "postcss-modules" "^4.0.0"
    "postcss-selector-parser" "^6.0.4"
    "source-map" "^0.6.1"

"@vue/compiler-sfc@^3.2.0-beta.5":
  "integrity" "sha1-bwSis341ivzXeRto767/0L8Zjd0="
  "resolved" "https://registry.nlark.com/@vue/compiler-sfc/download/@vue/compiler-sfc-3.2.0-beta.7.tgz"
  "version" "3.2.0-beta.7"
  dependencies:
    "@babel/parser" "^7.13.9"
    "@babel/types" "^7.13.0"
    "@types/estree" "^0.0.48"
    "@vue/compiler-core" "3.2.0-beta.7"
    "@vue/compiler-dom" "3.2.0-beta.7"
    "@vue/compiler-ssr" "3.2.0-beta.7"
    "@vue/shared" "3.2.0-beta.7"
    "consolidate" "^0.16.0"
    "estree-walker" "^2.0.1"
    "hash-sum" "^2.0.0"
    "lru-cache" "^5.1.1"
    "magic-string" "^0.25.7"
    "merge-source-map" "^1.1.0"
    "postcss" "^8.1.10"
    "postcss-modules" "^4.0.0"
    "postcss-selector-parser" "^6.0.4"
    "source-map" "^0.6.1"

"@vue/compiler-ssr@3.1.5":
  "integrity" "sha1-8GhlJ3QpMlah5TCEvtSKZ2gt+dI="
  "resolved" "https://registry.nlark.com/@vue/compiler-ssr/download/@vue/compiler-ssr-3.1.5.tgz"
  "version" "3.1.5"
  dependencies:
    "@vue/compiler-dom" "3.1.5"
    "@vue/shared" "3.1.5"

"@vue/compiler-ssr@3.2.0-beta.7":
  "integrity" "sha1-Gkar+LzTGWwsmtFJBjwAxGGfHiQ="
  "resolved" "https://registry.nlark.com/@vue/compiler-ssr/download/@vue/compiler-ssr-3.2.0-beta.7.tgz"
  "version" "3.2.0-beta.7"
  dependencies:
    "@vue/compiler-dom" "3.2.0-beta.7"
    "@vue/shared" "3.2.0-beta.7"

"@vue/devtools-api@^6.0.0-beta.14":
  "integrity" "sha1-rXyzhOBi8WW8+cg3MhJb/7wq2D0="
  "resolved" "https://registry.nlark.com/@vue/devtools-api/download/@vue/devtools-api-6.0.0-beta.15.tgz?cache=0&other_urls=https%3A%2F%2Fregistry.nlark.com%2F%40vue%2Fdevtools-api%2Fdownload%2F%40vue%2Fdevtools-api-6.0.0-beta.15.tgz"
  "version" "6.0.0-beta.15"

"@vue/reactivity@^3.2.0-beta.5":
  "integrity" "sha1-BskWMV87dK5kAEDdt1ly2ilGf4Q="
  "resolved" "https://registry.nlark.com/@vue/reactivity/download/@vue/reactivity-3.2.0-beta.7.tgz"
  "version" "3.2.0-beta.7"
  dependencies:
    "@vue/shared" "3.2.0-beta.7"

"@vue/reactivity@3.1.5":
  "integrity" "sha1-2+xNlVf3yPJcJjXbHiOninKeuZE="
  "resolved" "https://registry.nlark.com/@vue/reactivity/download/@vue/reactivity-3.1.5.tgz"
  "version" "3.1.5"
  dependencies:
    "@vue/shared" "3.1.5"

"@vue/runtime-core@3.1.5":
  "integrity" "sha1-pUW38UYJKSnLXoM+hUORUPF6yHs="
  "resolved" "https://registry.nlark.com/@vue/runtime-core/download/@vue/runtime-core-3.1.5.tgz"
  "version" "3.1.5"
  dependencies:
    "@vue/reactivity" "3.1.5"
    "@vue/shared" "3.1.5"

"@vue/runtime-dom@3.1.5":
  "integrity" "sha1-T6KJR9QIqjaPoX6g7cG+ua8UcqE="
  "resolved" "https://registry.nlark.com/@vue/runtime-dom/download/@vue/runtime-dom-3.1.5.tgz"
  "version" "3.1.5"
  dependencies:
    "@vue/runtime-core" "3.1.5"
    "@vue/shared" "3.1.5"
    "csstype" "^2.6.8"

"@vue/shared@^3.2.0-beta.5":
  "integrity" "sha1-wnUrrFFHa/2cYFD0pel8KOtm8no="
  "resolved" "https://registry.nlark.com/@vue/shared/download/@vue/shared-3.2.0-beta.5.tgz?cache=0&sync_timestamp=1627579339188&other_urls=https%3A%2F%2Fregistry.nlark.com%2F%40vue%2Fshared%2Fdownload%2F%40vue%2Fshared-3.2.0-beta.5.tgz"
  "version" "3.2.0-beta.5"

"@vue/shared@3.1.5":
  "integrity" "sha1-dO46rZldCjmWpruVM9TSgFFO3gM="
  "resolved" "https://registry.nlark.com/@vue/shared/download/@vue/shared-3.1.5.tgz?cache=0&sync_timestamp=1627579339188&other_urls=https%3A%2F%2Fregistry.nlark.com%2F%40vue%2Fshared%2Fdownload%2F%40vue%2Fshared-3.1.5.tgz"
  "version" "3.1.5"

"@vue/shared@3.2.0-beta.7":
  "integrity" "sha1-C853YnHzKeZYL82gDWHUvPHGC1I="
  "resolved" "https://registry.nlark.com/@vue/shared/download/@vue/shared-3.2.0-beta.7.tgz?cache=0&sync_timestamp=1627579339188&other_urls=https%3A%2F%2Fregistry.nlark.com%2F%40vue%2Fshared%2Fdownload%2F%40vue%2Fshared-3.2.0-beta.7.tgz"
  "version" "3.2.0-beta.7"

"acorn@^7.1.1":
  "integrity" "sha1-/q7SVZc9LndVW4PbwIhRpsY1IPo="
  "resolved" "https://registry.nlark.com/acorn/download/acorn-7.4.1.tgz"
  "version" "7.4.1"

"asap@~2.0.3":
  "integrity" "sha1-5QNHYR1+aQlDIIu9r+vLwvuGbUY="
  "resolved" "https://registry.npm.taobao.org/asap/download/asap-2.0.6.tgz"
  "version" "2.0.6"

"assert-never@^1.2.1":
  "integrity" "sha1-EfDjY78UYgX7CBk7XHuQ9NHPRP4="
  "resolved" "https://registry.npm.taobao.org/assert-never/download/assert-never-1.2.1.tgz"
  "version" "1.2.1"

"babel-walk@3.0.0-canary-5":
  "integrity" "sha1-9m7Ncpg1eu5ElV8jWm71QhkQSxE="
  "resolved" "https://registry.npm.taobao.org/babel-walk/download/babel-walk-3.0.0-canary-5.tgz"
  "version" "3.0.0-canary-5"
  dependencies:
    "@babel/types" "^7.9.6"

"big.js@^5.2.2":
  "integrity" "sha1-ZfCvOC9Xi83HQr2cKB6cstd2gyg="
  "resolved" "https://registry.nlark.com/big.js/download/big.js-5.2.2.tgz"
  "version" "5.2.2"

"bluebird@^3.7.2":
  "integrity" "sha1-nyKcFb4nJFT/qXOs4NvueaGww28="
  "resolved" "https://registry.nlark.com/bluebird/download/bluebird-3.7.2.tgz?cache=0&sync_timestamp=1618847007562&other_urls=https%3A%2F%2Fregistry.nlark.com%2Fbluebird%2Fdownload%2Fbluebird-3.7.2.tgz"
  "version" "3.7.2"

"call-bind@^1.0.2":
  "integrity" "sha1-sdTonmiBGcPJqQOtMKuy9qkZvjw="
  "resolved" "https://registry.nlark.com/call-bind/download/call-bind-1.0.2.tgz"
  "version" "1.0.2"
  dependencies:
    "function-bind" "^1.1.1"
    "get-intrinsic" "^1.0.2"

"character-parser@^2.2.0":
  "integrity" "sha1-x84o821LzZdE5f/CxfzeHHMmH8A="
  "resolved" "https://registry.npm.taobao.org/character-parser/download/character-parser-2.2.0.tgz"
  "version" "2.2.0"
  dependencies:
    "is-regex" "^1.0.3"

"colorette@^1.2.2":
  "integrity" "sha1-y8x51emcrqLb8Q6zom/Ys+as+pQ="
  "resolved" "https://registry.nlark.com/colorette/download/colorette-1.2.2.tgz"
  "version" "1.2.2"

"consolidate@^0.16.0":
  "integrity" "sha1-oRhkdokw8vGUMWYKZZBmaPX73BY="
  "resolved" "https://registry.nlark.com/consolidate/download/consolidate-0.16.0.tgz"
  "version" "0.16.0"
  dependencies:
    "bluebird" "^3.7.2"

"constantinople@^4.0.1":
  "integrity" "sha1-De8RP6Dk3I3oMzGlz3nIsyUhMVE="
  "resolved" "https://registry.npm.taobao.org/constantinople/download/constantinople-4.0.1.tgz"
  "version" "4.0.1"
  dependencies:
    "@babel/parser" "^7.6.0"
    "@babel/types" "^7.6.1"

"cssesc@^3.0.0":
  "integrity" "sha1-N3QZGZA7hoVl4cCep0dEXNGJg+4="
  "resolved" "https://registry.nlark.com/cssesc/download/cssesc-3.0.0.tgz"
  "version" "3.0.0"

"csstype@^2.6.8":
  "integrity" "sha1-TPMOuH4dGgBdi2UQ+VKSQT9qHA4="
  "resolved" "https://registry.nlark.com/csstype/download/csstype-2.6.17.tgz?cache=0&sync_timestamp=1618818427821&other_urls=https%3A%2F%2Fregistry.nlark.com%2Fcsstype%2Fdownload%2Fcsstype-2.6.17.tgz"
  "version" "2.6.17"

"doctypes@^1.1.0":
  "integrity" "sha1-6oCxBqh1OHdOijpKWv4pPeSJ4Kk="
  "resolved" "https://registry.npm.taobao.org/doctypes/download/doctypes-1.1.0.tgz"
  "version" "1.1.0"

"dom-serializer@^1.0.1":
  "integrity" "sha1-YgZDfTLO767HFhgDIwx6ILwbTZE="
  "resolved" "https://registry.nlark.com/dom-serializer/download/dom-serializer-1.3.2.tgz?cache=0&sync_timestamp=1621256830355&other_urls=https%3A%2F%2Fregistry.nlark.com%2Fdom-serializer%2Fdownload%2Fdom-serializer-1.3.2.tgz"
  "version" "1.3.2"
  dependencies:
    "domelementtype" "^2.0.1"
    "domhandler" "^4.2.0"
    "entities" "^2.0.0"

"domelementtype@^2.0.1", "domelementtype@^2.2.0":
  "integrity" "sha1-mgtsJ4LtahxzI9QiZxg9+b2LHVc="
  "resolved" "https://registry.nlark.com/domelementtype/download/domelementtype-2.2.0.tgz"
  "version" "2.2.0"

"domhandler@^4.0.0", "domhandler@^4.2.0":
  "integrity" "sha1-+XaKXwNL5gqJonwuTQ9066DYsFk="
  "resolved" "https://registry.npm.taobao.org/domhandler/download/domhandler-4.2.0.tgz?cache=0&sync_timestamp=1618563983578&other_urls=https%3A%2F%2Fregistry.npm.taobao.org%2Fdomhandler%2Fdownload%2Fdomhandler-4.2.0.tgz"
  "version" "4.2.0"
  dependencies:
    "domelementtype" "^2.2.0"

"domutils@^2.5.2":
  "integrity" "sha1-jrrwxB66/PVbC3LsMcVjI3EsVEI="
  "resolved" "https://registry.nlark.com/domutils/download/domutils-2.7.0.tgz?cache=0&other_urls=https%3A%2F%2Fregistry.nlark.com%2Fdomutils%2Fdownload%2Fdomutils-2.7.0.tgz"
  "version" "2.7.0"
  dependencies:
    "dom-serializer" "^1.0.1"
    "domelementtype" "^2.2.0"
    "domhandler" "^4.2.0"

"emmet@^2.3.0":
  "integrity" "sha1-W6DXpVaaaMdpffqJDHcuTzF50SM="
  "resolved" "https://registry.nlark.com/emmet/download/emmet-2.3.4.tgz"
  "version" "2.3.4"
  dependencies:
    "@emmetio/abbreviation" "^2.2.2"
    "@emmetio/css-abbreviation" "^2.1.4"

"emojis-list@^3.0.0":
  "integrity" "sha1-VXBmIEatKeLpFucariYKvf9Pang="
  "resolved" "https://registry.nlark.com/emojis-list/download/emojis-list-3.0.0.tgz"
  "version" "3.0.0"

"entities@^2.0.0":
  "integrity" "sha1-CY3JDruD2N/6CJ1VJWs1HTTE2lU="
  "resolved" "https://registry.nlark.com/entities/download/entities-2.2.0.tgz"
  "version" "2.2.0"

"esbuild@^0.12.8":
  "integrity" "sha1-5dsWNyGIwrTTlff1X9reJ/ahGfo="
  "resolved" "https://registry.nlark.com/esbuild/download/esbuild-0.12.18.tgz?cache=0&sync_timestamp=1628141063741&other_urls=https%3A%2F%2Fregistry.nlark.com%2Fesbuild%2Fdownload%2Fesbuild-0.12.18.tgz"
  "version" "0.12.18"

"estree-walker@^2.0.1":
  "integrity" "sha1-UvAQF4wqTBF6d1fP6UKtt9LaTKw="
  "resolved" "https://registry.npm.taobao.org/estree-walker/download/estree-walker-2.0.2.tgz"
  "version" "2.0.2"

"function-bind@^1.1.1":
  "integrity" "sha1-pWiZ0+o8m6uHS7l3O3xe3pL0iV0="
  "resolved" "https://registry.nlark.com/function-bind/download/function-bind-1.1.1.tgz"
  "version" "1.1.1"

"generic-names@^2.0.1":
  "integrity" "sha1-+KN46tLMqno08DF7BVVIMq5BuHI="
  "resolved" "https://registry.npm.taobao.org/generic-names/download/generic-names-2.0.1.tgz?cache=0&sync_timestamp=1603542348757&other_urls=https%3A%2F%2Fregistry.npm.taobao.org%2Fgeneric-names%2Fdownload%2Fgeneric-names-2.0.1.tgz"
  "version" "2.0.1"
  dependencies:
    "loader-utils" "^1.1.0"

"get-intrinsic@^1.0.2":
  "integrity" "sha1-FfWfN2+FXERpY5SPDSTNNje0q8Y="
  "resolved" "https://registry.npm.taobao.org/get-intrinsic/download/get-intrinsic-1.1.1.tgz?cache=0&sync_timestamp=1612364352840&other_urls=https%3A%2F%2Fregistry.npm.taobao.org%2Fget-intrinsic%2Fdownload%2Fget-intrinsic-1.1.1.tgz"
  "version" "1.1.1"
  dependencies:
    "function-bind" "^1.1.1"
    "has" "^1.0.3"
    "has-symbols" "^1.0.1"

"has-symbols@^1.0.1", "has-symbols@^1.0.2":
  "integrity" "sha1-Fl0wcMADCXUqEjakeTMeOsVvFCM="
  "resolved" "https://registry.npm.taobao.org/has-symbols/download/has-symbols-1.0.2.tgz"
  "version" "1.0.2"

"has-tostringtag@^1.0.0":
  "integrity" "sha1-fhM4GKfTlHNPlB5zw9P5KR5liyU="
  "resolved" "https://registry.nlark.com/has-tostringtag/download/has-tostringtag-1.0.0.tgz?cache=0&sync_timestamp=1628196402801&other_urls=https%3A%2F%2Fregistry.nlark.com%2Fhas-tostringtag%2Fdownload%2Fhas-tostringtag-1.0.0.tgz"
  "version" "1.0.0"
  dependencies:
    "has-symbols" "^1.0.2"

"has@^1.0.3":
  "integrity" "sha1-ci18v8H2qoJB8W3YFOAR4fQeh5Y="
  "resolved" "https://registry.nlark.com/has/download/has-1.0.3.tgz"
  "version" "1.0.3"
  dependencies:
    "function-bind" "^1.1.1"

"hash-sum@^2.0.0":
  "integrity" "sha1-gdAbtd6OpKIUrV1urRtSNGCwtFo="
  "resolved" "https://registry.npm.taobao.org/hash-sum/download/hash-sum-2.0.0.tgz"
  "version" "2.0.0"

"htmlparser2@^6.1.0":
  "integrity" "sha1-xNditsM3GgXb5l6UrkOp+EX7j7c="
  "resolved" "https://registry.npm.taobao.org/htmlparser2/download/htmlparser2-6.1.0.tgz?cache=0&sync_timestamp=1617916210217&other_urls=https%3A%2F%2Fregistry.npm.taobao.org%2Fhtmlparser2%2Fdownload%2Fhtmlparser2-6.1.0.tgz"
  "version" "6.1.0"
  dependencies:
    "domelementtype" "^2.0.1"
    "domhandler" "^4.0.0"
    "domutils" "^2.5.2"
    "entities" "^2.0.0"

"icss-replace-symbols@^1.1.0":
  "integrity" "sha1-Bupvg2ead0njhs/h/oEq5dsiPe0="
  "resolved" "https://registry.nlark.com/icss-replace-symbols/download/icss-replace-symbols-1.1.0.tgz"
  "version" "1.1.0"

"icss-utils@^5.0.0":
  "integrity" "sha1-xr5oWKvQE9do6YNmrkfiXViHsa4="
  "resolved" "https://registry.nlark.com/icss-utils/download/icss-utils-5.1.0.tgz"
  "version" "5.1.0"

"is-core-module@^2.2.0":
  "integrity" "sha1-91SENhfHC/0pt72HMnQAzaXBhJE="
  "resolved" "https://registry.nlark.com/is-core-module/download/is-core-module-2.5.0.tgz?cache=0&sync_timestamp=1626158736739&other_urls=https%3A%2F%2Fregistry.nlark.com%2Fis-core-module%2Fdownload%2Fis-core-module-2.5.0.tgz"
  "version" "2.5.0"
  dependencies:
    "has" "^1.0.3"

"is-expression@^4.0.0":
  "integrity" "sha1-wzFVliq/IdCv0lUlFNZ9LsFv0qs="
  "resolved" "https://registry.npm.taobao.org/is-expression/download/is-expression-4.0.0.tgz"
  "version" "4.0.0"
  dependencies:
    "acorn" "^7.1.1"
    "object-assign" "^4.1.1"

"is-promise@^2.0.0":
  "integrity" "sha1-OauVnMv5p3TPB597QMeib3YxNfE="
  "resolved" "https://registry.npm.taobao.org/is-promise/download/is-promise-2.2.2.tgz"
  "version" "2.2.2"

"is-regex@^1.0.3":
  "integrity" "sha1-7vVmPNWfpMCuM5UFMj32hUuxWVg="
  "resolved" "https://registry.nlark.com/is-regex/download/is-regex-1.1.4.tgz?cache=0&sync_timestamp=1628221853554&other_urls=https%3A%2F%2Fregistry.nlark.com%2Fis-regex%2Fdownload%2Fis-regex-1.1.4.tgz"
  "version" "1.1.4"
  dependencies:
    "call-bind" "^1.0.2"
    "has-tostringtag" "^1.0.0"

"js-stringify@^1.0.2":
  "integrity" "sha1-Fzb939lyTyijaCrcYjCufk6Weds="
  "resolved" "https://registry.npm.taobao.org/js-stringify/download/js-stringify-1.0.2.tgz"
  "version" "1.0.2"

"json5@^1.0.1":
  "integrity" "sha1-d5+wAYYE+oVOrL9iUhgNg1Q+Pb4="
  "resolved" "https://registry.npm.taobao.org/json5/download/json5-1.0.1.tgz?cache=0&sync_timestamp=1612146079519&other_urls=https%3A%2F%2Fregistry.npm.taobao.org%2Fjson5%2Fdownload%2Fjson5-1.0.1.tgz"
  "version" "1.0.1"
  dependencies:
    "minimist" "^1.2.0"

"jsonc-parser@^2.3.0":
  "integrity" "sha1-WVSRULEz8u+sykj+nOHsBlmvI0I="
  "resolved" "https://registry.npm.taobao.org/jsonc-parser/download/jsonc-parser-2.3.1.tgz?cache=0&sync_timestamp=1605282527742&other_urls=https%3A%2F%2Fregistry.npm.taobao.org%2Fjsonc-parser%2Fdownload%2Fjsonc-parser-2.3.1.tgz"
  "version" "2.3.1"

"jsonc-parser@^3.0.0":
  "integrity" "sha1-q914VwHH5+rKip7IzwcMpRp0WiI="
  "resolved" "https://registry.npm.taobao.org/jsonc-parser/download/jsonc-parser-3.0.0.tgz?cache=0&sync_timestamp=1605282527742&other_urls=https%3A%2F%2Fregistry.npm.taobao.org%2Fjsonc-parser%2Fdownload%2Fjsonc-parser-3.0.0.tgz"
  "version" "3.0.0"

"jstransformer@1.0.0":
  "integrity" "sha1-7Yvwkh4vPx7U1cGkT2hwntJHIsM="
  "resolved" "https://registry.npm.taobao.org/jstransformer/download/jstransformer-1.0.0.tgz"
  "version" "1.0.0"
  dependencies:
    "is-promise" "^2.0.0"
    "promise" "^7.0.1"

"loader-utils@^1.1.0":
  "integrity" "sha1-xXm140yzSxp07cbB+za/o3HVphM="
  "resolved" "https://registry.npm.taobao.org/loader-utils/download/loader-utils-1.4.0.tgz"
  "version" "1.4.0"
  dependencies:
    "big.js" "^5.2.2"
    "emojis-list" "^3.0.0"
    "json5" "^1.0.1"

"lodash.camelcase@^4.3.0":
  "integrity" "sha1-soqmKIorn8ZRA1x3EfZathkDMaY="
  "resolved" "https://registry.npm.taobao.org/lodash.camelcase/download/lodash.camelcase-4.3.0.tgz"
  "version" "4.3.0"

"lru-cache@^5.1.1":
  "integrity" "sha1-HaJ+ZxAnGUdpXa9oSOhH8B2EuSA="
  "resolved" "https://registry.nlark.com/lru-cache/download/lru-cache-5.1.1.tgz"
  "version" "5.1.1"
  dependencies:
    "yallist" "^3.0.2"

"magic-string@^0.25.7":
  "integrity" "sha1-P0l9b9NMZpxnmNy4IfLvMfVEUFE="
  "resolved" "https://registry.npm.taobao.org/magic-string/download/magic-string-0.25.7.tgz"
  "version" "0.25.7"
  dependencies:
    "sourcemap-codec" "^1.4.4"

"merge-source-map@^1.1.0":
  "integrity" "sha1-L93n5gIJOfcJBqaPLXrmheTIxkY="
  "resolved" "https://registry.nlark.com/merge-source-map/download/merge-source-map-1.1.0.tgz"
  "version" "1.1.0"
  dependencies:
    "source-map" "^0.6.1"

"minimist@^1.2.0":
  "integrity" "sha1-Z9ZgFLZqaoqqDAg8X9WN9OTpdgI="
  "resolved" "https://registry.nlark.com/minimist/download/minimist-1.2.5.tgz?cache=0&sync_timestamp=1618847003091&other_urls=https%3A%2F%2Fregistry.nlark.com%2Fminimist%2Fdownload%2Fminimist-1.2.5.tgz"
  "version" "1.2.5"

"nanoid@^3.1.23":
  "integrity" "sha1-90QIbOfCvEfuCoRyV01ceOQYOoE="
  "resolved" "https://registry.nlark.com/nanoid/download/nanoid-3.1.23.tgz"
  "version" "3.1.23"

"object-assign@^4.1.1":
  "integrity" "sha1-IQmtx5ZYh8/AXLvUQsrIv7s2CGM="
  "resolved" "https://registry.nlark.com/object-assign/download/object-assign-4.1.1.tgz"
  "version" "4.1.1"

"path-parse@^1.0.6":
  "integrity" "sha1-+8EUtgykKzDZ2vWFjkvWi77bZzU="
  "resolved" "https://registry.nlark.com/path-parse/download/path-parse-1.0.7.tgz"
  "version" "1.0.7"

"postcss-modules-extract-imports@^3.0.0":
  "integrity" "sha1-zaHwR8CugMl9vijD52pDuIAldB0="
  "resolved" "https://registry.npm.taobao.org/postcss-modules-extract-imports/download/postcss-modules-extract-imports-3.0.0.tgz?cache=0&sync_timestamp=1602588202058&other_urls=https%3A%2F%2Fregistry.npm.taobao.org%2Fpostcss-modules-extract-imports%2Fdownload%2Fpostcss-modules-extract-imports-3.0.0.tgz"
  "version" "3.0.0"

"postcss-modules-local-by-default@^4.0.0":
  "integrity" "sha1-67tU+uFZjuz99pGgKz/zs5ClpRw="
  "resolved" "https://registry.nlark.com/postcss-modules-local-by-default/download/postcss-modules-local-by-default-4.0.0.tgz"
  "version" "4.0.0"
  dependencies:
    "icss-utils" "^5.0.0"
    "postcss-selector-parser" "^6.0.2"
    "postcss-value-parser" "^4.1.0"

"postcss-modules-scope@^3.0.0":
  "integrity" "sha1-nvMVFFbTu/oSDKRImN/Kby+gHwY="
  "resolved" "https://registry.nlark.com/postcss-modules-scope/download/postcss-modules-scope-3.0.0.tgz"
  "version" "3.0.0"
  dependencies:
    "postcss-selector-parser" "^6.0.4"

"postcss-modules-values@^4.0.0":
  "integrity" "sha1-18Xn5ow7s8myfL9Iyguz/7RgLJw="
  "resolved" "https://registry.npm.taobao.org/postcss-modules-values/download/postcss-modules-values-4.0.0.tgz?cache=0&sync_timestamp=1602586308035&other_urls=https%3A%2F%2Fregistry.npm.taobao.org%2Fpostcss-modules-values%2Fdownload%2Fpostcss-modules-values-4.0.0.tgz"
  "version" "4.0.0"
  dependencies:
    "icss-utils" "^5.0.0"

"postcss-modules@^4.0.0":
  "integrity" "sha1-Xnd3xaiWTqF2kZ2QsuVO+JEyHOU="
  "resolved" "https://registry.nlark.com/postcss-modules/download/postcss-modules-4.2.2.tgz?cache=0&sync_timestamp=1627039417896&other_urls=https%3A%2F%2Fregistry.nlark.com%2Fpostcss-modules%2Fdownload%2Fpostcss-modules-4.2.2.tgz"
  "version" "4.2.2"
  dependencies:
    "generic-names" "^2.0.1"
    "icss-replace-symbols" "^1.1.0"
    "lodash.camelcase" "^4.3.0"
    "postcss-modules-extract-imports" "^3.0.0"
    "postcss-modules-local-by-default" "^4.0.0"
    "postcss-modules-scope" "^3.0.0"
    "postcss-modules-values" "^4.0.0"
    "string-hash" "^1.1.1"

"postcss-selector-parser@^6.0.2", "postcss-selector-parser@^6.0.4":
  "integrity" "sha1-LFu6gXSsL2mBq2MaQqsO5UrzMuo="
  "resolved" "https://registry.nlark.com/postcss-selector-parser/download/postcss-selector-parser-6.0.6.tgz"
  "version" "6.0.6"
  dependencies:
    "cssesc" "^3.0.0"
    "util-deprecate" "^1.0.2"

"postcss-value-parser@^4.1.0":
  "integrity" "sha1-RD9qIM7WSBor2k+oUypuVdeJoss="
  "resolved" "https://registry.nlark.com/postcss-value-parser/download/postcss-value-parser-4.1.0.tgz?cache=0&sync_timestamp=1618847024602&other_urls=https%3A%2F%2Fregistry.nlark.com%2Fpostcss-value-parser%2Fdownload%2Fpostcss-value-parser-4.1.0.tgz"
  "version" "4.1.0"

"postcss@^8.0.0", "postcss@^8.1.0", "postcss@^8.1.10", "postcss@^8.3.6":
  "integrity" "sha1-JzDddql5afN/U7mmCWGXvjEcxOo="
  "resolved" "https://registry.nlark.com/postcss/download/postcss-8.3.6.tgz?cache=0&sync_timestamp=1626882960231&other_urls=https%3A%2F%2Fregistry.nlark.com%2Fpostcss%2Fdownload%2Fpostcss-8.3.6.tgz"
  "version" "8.3.6"
  dependencies:
    "colorette" "^1.2.2"
    "nanoid" "^3.1.23"
    "source-map-js" "^0.6.2"

"promise@^7.0.1":
  "integrity" "sha1-BktyYCsY+Q8pGSuLG8QY/9Hr078="
  "resolved" "https://registry.nlark.com/promise/download/promise-7.3.1.tgz"
  "version" "7.3.1"
  dependencies:
    "asap" "~2.0.3"

"pug-attrs@^3.0.0":
  "integrity" "sha1-sQRR4DSBZeMfrRzCPr3dncc0fEE="
  "resolved" "https://registry.npm.taobao.org/pug-attrs/download/pug-attrs-3.0.0.tgz"
  "version" "3.0.0"
  dependencies:
    "constantinople" "^4.0.1"
    "js-stringify" "^1.0.2"
    "pug-runtime" "^3.0.0"

"pug-code-gen@^3.0.2":
  "integrity" "sha1-rRkPSUMTO/GGtguA3kgxAOEy4s4="
  "resolved" "https://registry.npm.taobao.org/pug-code-gen/download/pug-code-gen-3.0.2.tgz"
  "version" "3.0.2"
  dependencies:
    "constantinople" "^4.0.1"
    "doctypes" "^1.1.0"
    "js-stringify" "^1.0.2"
    "pug-attrs" "^3.0.0"
    "pug-error" "^2.0.0"
    "pug-runtime" "^3.0.0"
    "void-elements" "^3.1.0"
    "with" "^7.0.0"

"pug-error@^2.0.0":
  "integrity" "sha1-XGIXPLCcNN4qLOBPF7it/sdNjKU="
  "resolved" "https://registry.npm.taobao.org/pug-error/download/pug-error-2.0.0.tgz"
  "version" "2.0.0"

"pug-filters@^4.0.0":
  "integrity" "sha1-0+Sa9bqEcum3pm2YDnB86dLMm14="
  "resolved" "https://registry.npm.taobao.org/pug-filters/download/pug-filters-4.0.0.tgz"
  "version" "4.0.0"
  dependencies:
    "constantinople" "^4.0.1"
    "jstransformer" "1.0.0"
    "pug-error" "^2.0.0"
    "pug-walk" "^2.0.0"
    "resolve" "^1.15.1"

"pug-lexer@^5.0.1":
  "integrity" "sha1-rkRijFvvmxkLZlaDsojKkCS4sNU="
  "resolved" "https://registry.npm.taobao.org/pug-lexer/download/pug-lexer-5.0.1.tgz"
  "version" "5.0.1"
  dependencies:
    "character-parser" "^2.2.0"
    "is-expression" "^4.0.0"
    "pug-error" "^2.0.0"

"pug-linker@^4.0.0":
  "integrity" "sha1-EsvAWU/Fo+Brn8Web5PBRpYqdwg="
  "resolved" "https://registry.npm.taobao.org/pug-linker/download/pug-linker-4.0.0.tgz"
  "version" "4.0.0"
  dependencies:
    "pug-error" "^2.0.0"
    "pug-walk" "^2.0.0"

"pug-load@^3.0.0":
  "integrity" "sha1-n9nNpSICsIrbEdJWgfufNL1BtmI="
  "resolved" "https://registry.npm.taobao.org/pug-load/download/pug-load-3.0.0.tgz"
  "version" "3.0.0"
  dependencies:
    "object-assign" "^4.1.1"
    "pug-walk" "^2.0.0"

"pug-parser@^6.0.0":
  "integrity" "sha1-qP3ANYY6lbLB3F6/Ts+AtOdqEmA="
  "resolved" "https://registry.npm.taobao.org/pug-parser/download/pug-parser-6.0.0.tgz"
  "version" "6.0.0"
  dependencies:
    "pug-error" "^2.0.0"
    "token-stream" "1.0.0"

"pug-runtime@^3.0.0", "pug-runtime@^3.0.1":
  "integrity" "sha1-9jaXYgRyPzWoxfb61qzaKhkbg9c="
  "resolved" "https://registry.npm.taobao.org/pug-runtime/download/pug-runtime-3.0.1.tgz"
  "version" "3.0.1"

"pug-strip-comments@^2.0.0":
  "integrity" "sha1-+UsH/WtJVSMzD0kKf1VLT/h2MD4="
  "resolved" "https://registry.npm.taobao.org/pug-strip-comments/download/pug-strip-comments-2.0.0.tgz"
  "version" "2.0.0"
  dependencies:
    "pug-error" "^2.0.0"

"pug-walk@^2.0.0":
  "integrity" "sha1-QXqrwpIyu0SZtbUGmistKiTV9f4="
  "resolved" "https://registry.npm.taobao.org/pug-walk/download/pug-walk-2.0.0.tgz"
  "version" "2.0.0"

"pug@^3.0.2":
  "integrity" "sha1-81xxBzQ0VOQ7wnrg/3bHMbeOpTU="
  "resolved" "https://registry.npm.taobao.org/pug/download/pug-3.0.2.tgz"
  "version" "3.0.2"
  dependencies:
    "pug-code-gen" "^3.0.2"
    "pug-filters" "^4.0.0"
    "pug-lexer" "^5.0.1"
    "pug-linker" "^4.0.0"
    "pug-load" "^3.0.0"
    "pug-parser" "^6.0.0"
    "pug-runtime" "^3.0.1"
    "pug-strip-comments" "^2.0.0"

"request-light@^0.5.4":
  "integrity" "sha1-SXqYxtiuSVNkF6Xi1/ODuTTz44w="
  "resolved" "https://registry.nlark.com/request-light/download/request-light-0.5.4.tgz"
  "version" "0.5.4"

"resolve@^1.15.1", "resolve@^1.20.0":
  "integrity" "sha1-YpoBP7P3B1XW8LeTXMHCxTeLGXU="
  "resolved" "https://registry.nlark.com/resolve/download/resolve-1.20.0.tgz"
  "version" "1.20.0"
  dependencies:
    "is-core-module" "^2.2.0"
    "path-parse" "^1.0.6"

"rollup@^2.38.5":
  "integrity" "sha1-2qgylV0rWPHtUqPEyFt9GtrwdtA="
  "resolved" "https://registry.nlark.com/rollup/download/rollup-2.56.0.tgz?cache=0&sync_timestamp=1628141072350&other_urls=https%3A%2F%2Fregistry.nlark.com%2Frollup%2Fdownload%2Frollup-2.56.0.tgz"
  "version" "2.56.0"
  optionalDependencies:
    "fsevents" "~2.3.2"

"source-map-js@^0.6.2":
  "integrity" "sha1-C7XeYxtBz72mz7qL0FqA79/SOF4="
  "resolved" "https://registry.npm.taobao.org/source-map-js/download/source-map-js-0.6.2.tgz"
  "version" "0.6.2"

"source-map@^0.6.1":
  "integrity" "sha1-dHIq8y6WFOnCh6jQu95IteLxomM="
  "resolved" "https://registry.nlark.com/source-map/download/source-map-0.6.1.tgz?cache=0&other_urls=https%3A%2F%2Fregistry.nlark.com%2Fsource-map%2Fdownload%2Fsource-map-0.6.1.tgz"
  "version" "0.6.1"

"sourcemap-codec@^1.4.4":
  "integrity" "sha1-6oBL2UhXQC5pktBaOO8a41qatMQ="
  "resolved" "https://registry.npm.taobao.org/sourcemap-codec/download/sourcemap-codec-1.4.8.tgz"
  "version" "1.4.8"

"string-hash@^1.1.1":
  "integrity" "sha1-6Kr8CsGFW0Zmkp7X3RJ1311sgRs="
  "resolved" "https://registry.npm.taobao.org/string-hash/download/string-hash-1.1.3.tgz"
  "version" "1.1.3"

"to-fast-properties@^2.0.0":
  "integrity" "sha1-3F5pjL0HkmW8c+A3doGk5Og/YW4="
  "resolved" "https://registry.npm.taobao.org/to-fast-properties/download/to-fast-properties-2.0.0.tgz"
  "version" "2.0.0"

"token-stream@1.0.0":
  "integrity" "sha1-zCAOqyYT9BZtJ/+a/HylbUnfbrQ="
  "resolved" "https://registry.npm.taobao.org/token-stream/download/token-stream-1.0.0.tgz"
  "version" "1.0.0"

"typescript@*", "typescript@^4.3.2":
  "integrity" "sha1-TRw3zBbok5c8RaBohrcRMjTxGfQ="
  "resolved" "https://registry.nlark.com/typescript/download/typescript-4.3.5.tgz"
  "version" "4.3.5"

"upath@^2.0.1":
  "integrity" "sha1-UMc96mjW9rmQ9R0nnOYIFmXWGos="
  "resolved" "https://registry.npm.taobao.org/upath/download/upath-2.0.1.tgz?cache=0&sync_timestamp=1604768535464&other_urls=https%3A%2F%2Fregistry.npm.taobao.org%2Fupath%2Fdownload%2Fupath-2.0.1.tgz"
  "version" "2.0.1"

"util-deprecate@^1.0.2":
  "integrity" "sha1-RQ1Nyfpw3nMnYvvS1KKJgUGaDM8="
  "resolved" "https://registry.nlark.com/util-deprecate/download/util-deprecate-1.0.2.tgz"
  "version" "1.0.2"

"vite@^2.4.4":
  "integrity" "sha1-jEAqB61F8Wj261Qovq048+Q2Pkc="
  "resolved" "https://registry.nlark.com/vite/download/vite-2.4.4.tgz"
  "version" "2.4.4"
  dependencies:
    "esbuild" "^0.12.8"
    "postcss" "^8.3.6"
    "resolve" "^1.20.0"
    "rollup" "^2.38.5"
  optionalDependencies:
    "fsevents" "~2.3.2"

"void-elements@^3.1.0":
  "integrity" "sha1-YU9/v42AHwu18GYfWy9XhXUOTwk="
  "resolved" "https://registry.npm.taobao.org/void-elements/download/void-elements-3.1.0.tgz"
  "version" "3.1.0"

"vscode-css-languageservice@^5.1.4":
  "integrity" "sha1-B+TGPxw7sG5vPzKcMrSQ0gpgG6s="
  "resolved" "https://registry.nlark.com/vscode-css-languageservice/download/vscode-css-languageservice-5.1.4.tgz"
  "version" "5.1.4"
  dependencies:
    "vscode-languageserver-textdocument" "^1.0.1"
    "vscode-languageserver-types" "^3.16.0"
    "vscode-nls" "^5.0.0"
    "vscode-uri" "^3.0.2"

"vscode-emmet-helper@^2.6.4":
  "integrity" "sha1-vqR/F2Sbuia0EvPR+sGKruQ+uiU="
  "resolved" "https://registry.nlark.com/vscode-emmet-helper/download/vscode-emmet-helper-2.6.4.tgz"
  "version" "2.6.4"
  dependencies:
    "emmet" "^2.3.0"
    "jsonc-parser" "^2.3.0"
    "vscode-languageserver-textdocument" "^1.0.1"
    "vscode-languageserver-types" "^3.15.1"
    "vscode-nls" "^5.0.0"
    "vscode-uri" "^2.1.2"

"vscode-html-languageservice@^4.0.7":
  "integrity" "sha1-lPLtIsghll+CgiLRO1qlQbNY2ZI="
  "resolved" "https://registry.nlark.com/vscode-html-languageservice/download/vscode-html-languageservice-4.0.7.tgz"
  "version" "4.0.7"
  dependencies:
    "vscode-languageserver-textdocument" "^1.0.1"
    "vscode-languageserver-types" "^3.16.0"
    "vscode-nls" "^5.0.0"
    "vscode-uri" "^3.0.2"

"vscode-json-languageservice@^4.1.5":
  "integrity" "sha1-QnXo2vHLqAJzwxjzP796Lt4wcFM="
  "resolved" "https://registry.nlark.com/vscode-json-languageservice/download/vscode-json-languageservice-4.1.6.tgz"
  "version" "4.1.6"
  dependencies:
    "jsonc-parser" "^3.0.0"
    "vscode-languageserver-textdocument" "^1.0.1"
    "vscode-languageserver-types" "^3.16.0"
    "vscode-nls" "^5.0.0"
    "vscode-uri" "^3.0.2"

"vscode-jsonrpc@^8.0.0-next.1", "vscode-jsonrpc@8.0.0-next.1":
  "integrity" "sha1-GWRoiphR+GkAxV4piTmhV7LiJK0="
  "resolved" "https://registry.nlark.com/vscode-jsonrpc/download/vscode-jsonrpc-8.0.0-next.1.tgz"
  "version" "8.0.0-next.1"

"vscode-languageserver-protocol@3.17.0-next.7":
  "integrity" "sha1-IVDtuGtqUcMlADtDelIvDc/GBLQ="
  "resolved" "https://registry.nlark.com/vscode-languageserver-protocol/download/vscode-languageserver-protocol-3.17.0-next.7.tgz"
  "version" "3.17.0-next.7"
  dependencies:
    "vscode-jsonrpc" "8.0.0-next.1"
    "vscode-languageserver-types" "3.17.0-next.3"

"vscode-languageserver-textdocument@^1.0.1":
  "integrity" "sha1-F4Fo6H761hcbNyrdHeo09T5dMw8="
  "resolved" "https://registry.npm.taobao.org/vscode-languageserver-textdocument/download/vscode-languageserver-textdocument-1.0.1.tgz"
  "version" "1.0.1"

"vscode-languageserver-types@^3.15.1", "vscode-languageserver-types@^3.16.0":
  "integrity" "sha1-7POT/BIexpdLLaPvsxVWRMUU4kc="
  "resolved" "https://registry.nlark.com/vscode-languageserver-types/download/vscode-languageserver-types-3.16.0.tgz"
  "version" "3.16.0"

"vscode-languageserver-types@3.17.0-next.3":
  "integrity" "sha1-4fQxHgjqMZPoESYVS2o0L8HD26M="
  "resolved" "https://registry.nlark.com/vscode-languageserver-types/download/vscode-languageserver-types-3.17.0-next.3.tgz"
  "version" "3.17.0-next.3"

"vscode-languageserver@^8.0.0-next.1":
  "integrity" "sha1-tYRFhaz4Yqe9qrItKMnaDxUn15A="
  "resolved" "https://registry.nlark.com/vscode-languageserver/download/vscode-languageserver-8.0.0-next.1.tgz"
  "version" "8.0.0-next.1"
  dependencies:
    "vscode-languageserver-protocol" "3.17.0-next.7"

"vscode-nls@^5.0.0":
  "integrity" "sha1-mfDaC9nqfNpE5WWnTFSx8rwleEA="
  "resolved" "https://registry.npm.taobao.org/vscode-nls/download/vscode-nls-5.0.0.tgz"
  "version" "5.0.0"

"vscode-pug-languageservice@^0.26.11":
  "integrity" "sha1-vUVAbVnBaY2oVfJjvB6f4PQ54nM="
  "resolved" "https://registry.nlark.com/vscode-pug-languageservice/download/vscode-pug-languageservice-0.26.11.tgz"
  "version" "0.26.11"
  dependencies:
    "@volar/code-gen" "^0.26.11"
    "@volar/shared" "^0.26.11"
    "@volar/source-map" "^0.26.11"
    "@volar/transforms" "^0.26.11"
    "pug-lexer" "^5.0.1"
    "pug-parser" "^6.0.0"
    "vscode-languageserver" "^8.0.0-next.1"

"vscode-typescript-languageservice@^0.26.11":
  "integrity" "sha1-ziyxWtTdp3lzHixHf0c95EQn/uc="
  "resolved" "https://registry.nlark.com/vscode-typescript-languageservice/download/vscode-typescript-languageservice-0.26.11.tgz"
  "version" "0.26.11"
  dependencies:
    "@volar/shared" "^0.26.11"
    "upath" "^2.0.1"
    "vscode-languageserver" "^8.0.0-next.1"
    "vscode-languageserver-textdocument" "^1.0.1"

"vscode-uri@^2.1.2":
  "integrity" "sha1-yNQN6T61evMfPHFd1lDiyiwJbxw="
  "resolved" "https://registry.npm.taobao.org/vscode-uri/download/vscode-uri-2.1.2.tgz?cache=0&sync_timestamp=1609832373810&other_urls=https%3A%2F%2Fregistry.npm.taobao.org%2Fvscode-uri%2Fdownload%2Fvscode-uri-2.1.2.tgz"
  "version" "2.1.2"

"vscode-uri@^3.0.2":
  "integrity" "sha1-7P0dBmy470w6II3s26uajCPQVdA="
  "resolved" "https://registry.npm.taobao.org/vscode-uri/download/vscode-uri-3.0.2.tgz?cache=0&sync_timestamp=1609832373810&other_urls=https%3A%2F%2Fregistry.npm.taobao.org%2Fvscode-uri%2Fdownload%2Fvscode-uri-3.0.2.tgz"
  "version" "3.0.2"

"vscode-vue-languageservice@^0.26.6":
  "integrity" "sha1-uUAHMne+F5srcGUsJOtU9XL5dh0="
  "resolved" "https://registry.nlark.com/vscode-vue-languageservice/download/vscode-vue-languageservice-0.26.11.tgz"
  "version" "0.26.11"
  dependencies:
    "@volar/code-gen" "^0.26.11"
    "@volar/html2pug" "^0.26.11"
    "@volar/shared" "^0.26.11"
    "@volar/source-map" "^0.26.11"
    "@volar/transforms" "^0.26.11"
    "@vue/compiler-dom" "^3.2.0-beta.5"
    "@vue/compiler-sfc" "^3.2.0-beta.5"
    "@vue/reactivity" "^3.2.0-beta.5"
    "@vue/shared" "^3.2.0-beta.5"
    "jsonc-parser" "^3.0.0"
    "request-light" "^0.5.4"
    "upath" "^2.0.1"
    "vscode-css-languageservice" "^5.1.4"
    "vscode-emmet-helper" "^2.6.4"
    "vscode-html-languageservice" "^4.0.7"
    "vscode-json-languageservice" "^4.1.5"
    "vscode-languageserver" "^8.0.0-next.1"
    "vscode-languageserver-textdocument" "^1.0.1"
    "vscode-pug-languageservice" "^0.26.11"
    "vscode-typescript-languageservice" "^0.26.11"

"vue-router@^4.0.11":
  "integrity" "sha1-zWSaCUHGNSgXY6IJZbWZZD3caO0="
  "resolved" "https://registry.nlark.com/vue-router/download/vue-router-4.0.11.tgz?cache=0&sync_timestamp=1628495505697&other_urls=https%3A%2F%2Fregistry.nlark.com%2Fvue-router%2Fdownload%2Fvue-router-4.0.11.tgz"
  "version" "4.0.11"
  dependencies:
    "@vue/devtools-api" "^6.0.0-beta.14"

"vue-tsc@^0.2.2":
  "integrity" "sha1-5/1eXHib6zGECtJggs/Iu2NW5zM="
  "resolved" "https://registry.nlark.com/vue-tsc/download/vue-tsc-0.2.2.tgz?cache=0&sync_timestamp=1626837750289&other_urls=https%3A%2F%2Fregistry.nlark.com%2Fvue-tsc%2Fdownload%2Fvue-tsc-0.2.2.tgz"
  "version" "0.2.2"
  dependencies:
    "vscode-vue-languageservice" "^0.26.6"

"vue@^3.0.0", "vue@^3.0.5", "vue@3.1.5":
  "integrity" "sha1-EoebEdBoXuRHjIhpVReZYwpS+f4="
  "resolved" "https://registry.nlark.com/vue/download/vue-3.1.5.tgz"
  "version" "3.1.5"
  dependencies:
    "@vue/compiler-dom" "3.1.5"
    "@vue/runtime-dom" "3.1.5"
    "@vue/shared" "3.1.5"

"with@^7.0.0":
  "integrity" "sha1-zO461ULSVTinp6gKrSErmChJW6w="
  "resolved" "https://registry.npm.taobao.org/with/download/with-7.0.2.tgz"
  "version" "7.0.2"
  dependencies:
    "@babel/parser" "^7.9.6"
    "@babel/types" "^7.9.6"
    "assert-never" "^1.2.1"
    "babel-walk" "3.0.0-canary-5"

"yallist@^3.0.2":
  "integrity" "sha1-27fa+b/YusmrRev2ArjLrQ1dCP0="
  "resolved" "https://registry.nlark.com/yallist/download/yallist-3.1.1.tgz"
  "version" "3.1.1"
